# @generated - this file is auto-generated by `mise lock` https://mise.jdx.dev/dev-tools/mise-lock.html

[[tools.age]]
version = "1.3.1"
backend = "aqua:FiloSottile/age"

[tools.age."platforms.linux-x64"]
checksum = "sha256:bdc69c09cbdd6cf8b1f333d372a1f58247b3a33146406333e30c0f26e8f51377"
url = "https://github.com/FiloSottile/age/releases/download/v1.3.1/age-v1.3.1-linux-amd64.tar.gz"
url_api = "https://api.github.com/repos/FiloSottile/age/releases/assets/333752671"
provenance = "github-attestations"

[tools.age."platforms.macos-arm64"]
checksum = "sha256:01120ea2cbf0463d4c6bd767f99f3271bbed1cdc8a9aa718a76ba1fe4f01998b"
url = "https://github.com/FiloSottile/age/releases/download/v1.3.1/age-v1.3.1-darwin-arm64.tar.gz"
url_api = "https://api.github.com/repos/FiloSottile/age/releases/assets/333752669"
provenance = "github-attestations"

[tools.age."platforms.windows-x64"]
checksum = "sha256:c56e8ce22f7e80cb85ad946cc82d198767b056366201d3e1a2b93d865be38154"
url = "https://github.com/FiloSottile/age/releases/download/v1.3.1/age-v1.3.1-windows-amd64.zip"
url_api = "https://api.github.com/repos/FiloSottile/age/releases/assets/333752673"
provenance = "github-attestations"

[[tools."http:exiftool"]]
version = "13.59"
backend = "http:exiftool"

[tools."http:exiftool".options]
strip_components = "1"

[tools."http:exiftool"."platforms.linux-x64"]
checksum = "sha256:87d3317882fdae9cb4dcfe57a96a378d0132ffc02c731315bf128b19ddcf7aac"
url = "https://github.com/exiftool/exiftool/archive/refs/tags/13.59.tar.gz"

[tools."http:exiftool"."platforms.macos-arm64"]
checksum = "sha256:87d3317882fdae9cb4dcfe57a96a378d0132ffc02c731315bf128b19ddcf7aac"
url = "https://github.com/exiftool/exiftool/archive/refs/tags/13.59.tar.gz"

[[tools.minisign]]
version = "0.12"
backend = "aqua:jedisct1/minisign"

[tools.minisign."platforms.linux-x64"]
url = "https://github.com/jedisct1/minisign/releases/download/0.12/minisign-0.12-linux.tar.gz"
url_api = "https://api.github.com/repos/jedisct1/minisign/releases/assets/220886623"
provenance = "minisign"

[tools.minisign."platforms.macos-arm64"]
url = "https://github.com/jedisct1/minisign/releases/download/0.12/minisign-0.12-macos.zip"
url_api = "https://api.github.com/repos/jedisct1/minisign/releases/assets/220895743"
provenance = "minisign"

[[tools.python]]
version = "3.12.3"
backend = "core:python"

[tools.python."platforms.linux-x64"]
checksum = "sha256:a73ba777b5d55ca89edef709e6b8521e3f3d4289581f174c8699adfb608d09d6"
url = "https://github.com/astral-sh/python-build-standalone/releases/download/20240415/cpython-3.12.3+20240415-x86_64-unknown-linux-gnu-install_only.tar.gz"
provenance = "github-attestations"

[tools.python."platforms.macos-arm64"]
checksum = "sha256:ccc40e5af329ef2af81350db2a88bbd6c17b56676e82d62048c15d548401519e"
url = "https://github.com/astral-sh/python-build-standalone/releases/download/20240415/cpython-3.12.3+20240415-aarch64-apple-darwin-install_only.tar.gz"
provenance = "github-attestations"

[tools.python."platforms.windows-x64"]
checksum = "sha256:f7cfa4ad072feb4578c8afca5ba9a54ad591d665a441dd0d63aa366edbe19279"
url = "https://github.com/astral-sh/python-build-standalone/releases/download/20240415/cpython-3.12.3+20240415-x86_64-pc-windows-msvc-install_only.tar.gz"
provenance = "github-attestations"

[[tools.rclone]]
version = "1.75.0"
backend = "aqua:rclone/rclone"

[tools.rclone."platforms.linux-x64"]
checksum = "sha256:aa2804e08f48250e71009c727124b6341cd0288465804a9a09d14663cabafbaa"
url = "https://github.com/rclone/rclone/releases/download/v1.75.0/rclone-v1.75.0-linux-amd64.zip"
url_api = "https://api.github.com/repos/rclone/rclone/releases/assets/496932792"

[tools.rclone."platforms.macos-arm64"]
checksum = "sha256:35e8f2a666ce789b29111db0dd843ddabc0d59c6b609d07bcaae5d1a07cba6f8"
url = "https://github.com/rclone/rclone/releases/download/v1.75.0/rclone-v1.75.0-osx-arm64.zip"
url_api = "https://api.github.com/repos/rclone/rclone/releases/assets/496939862"

[tools.rclone."platforms.windows-x64"]
checksum = "sha256:203581f0a7baeae873f2347483a798c79e2eaf5c384a4e9d866aa374f1c89ac0"
url = "https://github.com/rclone/rclone/releases/download/v1.75.0/rclone-v1.75.0-windows-amd64.zip"
url_api = "https://api.github.com/repos/rclone/rclone/releases/assets/496941642"

[[tools.uv]]
version = "0.11.24"
backend = "aqua:astral-sh/uv"

[tools.uv."platforms.linux-x64"]
checksum = "sha256:2f9eaa976cf8ad8574623dde6916fb87ec047524fe65b99dc11e44e33eae4bfb"
url = "https://github.com/astral-sh/uv/releases/download/0.11.24/uv-x86_64-unknown-linux-musl.tar.gz"
url_api = "https://api.github.com/repos/astral-sh/uv/releases/assets/455977416"
provenance = "github-attestations"

[tools.uv."platforms.macos-arm64"]
checksum = "sha256:7578c6087c5cd76981732b1f5d126248101faebdf81016ba780a65ce03653cdf"
url = "https://github.com/astral-sh/uv/releases/download/0.11.24/uv-aarch64-apple-darwin.tar.gz"
url_api = "https://api.github.com/repos/astral-sh/uv/releases/assets/455977339"
provenance = "github-attestations"

[tools.uv."platforms.windows-x64"]
checksum = "sha256:af9573a2e36f7020b18ec5fdde20117aae74bbad3f4acb3dc3fc03319f1aa083"
url = "https://github.com/astral-sh/uv/releases/download/0.11.24/uv-x86_64-pc-windows-msvc.zip"
url_api = "https://api.github.com/repos/astral-sh/uv/releases/assets/455977406"
provenance = "github-attestations"
